
Microsoft Visual Studio Solution File, Format Version 12.00
# Visual Studio Version 17
VisualStudioVersion = 17.0.32112.339
MinimumVisualStudioVersion = 10.0.40219.1
Project("{9A19103F-16F7-4668-BE54-9A1E7A4F7556}") = "Project", "Project\Project.csproj", "{4C566C00-AEFD-4F20-A69A-7CF90121C038}"
EndProject
Global
	GlobalSection(SolutionConfigurationPlatforms) = preSolution
		Debug|Any CPU = Debug|Any CPU
		Release|Any CPU = Release|Any CPU
	EndGlobalSection
	GlobalSection(ProjectConfigurationPlatforms) = postSolution
		{4C566C00-AEFD-4F20-A69A-7CF90121C038}.Debug|Any CPU.ActiveCfg = Debug|Any CPU
		{4C566C00-AEFD-4F20-A69A-7CF90121C038}.Debug|Any CPU.Build.0 = Debug|Any CPU
		{4C566C00-AEFD-4F20-A69A-7CF90121C038}.Release|Any CPU.ActiveCfg = Release|Any CPU
		{4C566C00-AEFD-4F20-A69A-7CF90121C038}.Release|Any CPU.Build.0 = Release|Any CPU
	EndGlobalSection
	GlobalSection(SolutionProperties) = preSolution
		HideSolutionNode = FALSE
	EndGlobalSection
	GlobalSection(ExtensibilityGlobals) = postSolution
		SolutionGuid = {331D8BD0-1CC7-45C6-926C-2BD1FC4C9684}
	EndGlobalSection
EndGlobal
